
Microsoft Visual Studio Solution File, Format Version 12.00
# Visual Studio Version 17
VisualStudioVersion = 17.4.33205.214
MinimumVisualStudioVersion = 10.0.40219.1
Project("{2150E333-8FDC-42A3-9474-1A3956D46DE8}") = "Solution Items", "Solution Items", "{06CB99F9-CE0F-482E-B918-653864429E3F}"
	ProjectSection(SolutionItems) = preProject
		Note.txt = Note.txt
	EndProjectSection
EndProject
Project("{9A19103F-16F7-4668-BE54-9A1E7A4F7556}") = "DI", "DI\DI.csproj", "{B59772C0-6D44-42DE-9E66-359590717799}"
EndProject
Project("{FAE04EC0-301F-11D3-BF4B-00C04F79EFBC}") = "DAL", "DAL\DAL.csproj", "{6443B085-2FD4-46FF-A09C-C7D2A2D51DFD}"
EndProject
Project("{2150E333-8FDC-42A3-9474-1A3956D46DE8}") = "Models", "Models", "{346B0761-4AD6-4F99-ACD4-8FA963701913}"
EndProject
Project("{FAE04EC0-301F-11D3-BF4B-00C04F79EFBC}") = "DomainModel", "DomainModel\DomainModel.csproj", "{45326F00-2DCF-4F1D-BE51-D42A4CC8A3C7}"
EndProject
Project("{FAE04EC0-301F-11D3-BF4B-00C04F79EFBC}") = "BL", "BL\BL.csproj", "{28DDC004-F1F6-46EC-BC70-4A0E61224295}"
EndProject
Project("{FAE04EC0-301F-11D3-BF4B-00C04F79EFBC}") = "ViewModel", "ViewModel\ViewModel.csproj", "{D5044A7E-EDE4-4E99-B440-960360F5EE7F}"
EndProject
Project("{FAE04EC0-301F-11D3-BF4B-00C04F79EFBC}") = "ui_winForm", "ui_winForm\ui_winForm.csproj", "{D086F8A7-BF93-49BD-B78C-7854A1AD65CC}"
EndProject
Project("{FAE04EC0-301F-11D3-BF4B-00C04F79EFBC}") = "ui.web", "ui.web\ui.web.csproj", "{04A38317-7FFC-4941-8DC6-D57266D46ABF}"
EndProject
Project("{FAE04EC0-301F-11D3-BF4B-00C04F79EFBC}") = "WebApplication1", "WebApplication1\WebApplication1.csproj", "{F79B92C8-9A07-46EE-813B-54642D31719A}"
EndProject
Global
	GlobalSection(SolutionConfigurationPlatforms) = preSolution
		Debug|Any CPU = Debug|Any CPU
		Release|Any CPU = Release|Any CPU
	EndGlobalSection
	GlobalSection(ProjectConfigurationPlatforms) = postSolution
		{B59772C0-6D44-42DE-9E66-359590717799}.Debug|Any CPU.ActiveCfg = Debug|Any CPU
		{B59772C0-6D44-42DE-9E66-359590717799}.Debug|Any CPU.Build.0 = Debug|Any CPU
		{B59772C0-6D44-42DE-9E66-359590717799}.Release|Any CPU.ActiveCfg = Release|Any CPU
		{B59772C0-6D44-42DE-9E66-359590717799}.Release|Any CPU.Build.0 = Release|Any CPU
		{6443B085-2FD4-46FF-A09C-C7D2A2D51DFD}.Debug|Any CPU.ActiveCfg = Debug|Any CPU
		{6443B085-2FD4-46FF-A09C-C7D2A2D51DFD}.Debug|Any CPU.Build.0 = Debug|Any CPU
		{6443B085-2FD4-46FF-A09C-C7D2A2D51DFD}.Release|Any CPU.ActiveCfg = Release|Any CPU
		{6443B085-2FD4-46FF-A09C-C7D2A2D51DFD}.Release|Any CPU.Build.0 = Release|Any CPU
		{45326F00-2DCF-4F1D-BE51-D42A4CC8A3C7}.Debug|Any CPU.ActiveCfg = Debug|Any CPU
		{45326F00-2DCF-4F1D-BE51-D42A4CC8A3C7}.Debug|Any CPU.Build.0 = Debug|Any CPU
		{45326F00-2DCF-4F1D-BE51-D42A4CC8A3C7}.Release|Any CPU.ActiveCfg = Release|Any CPU
		{45326F00-2DCF-4F1D-BE51-D42A4CC8A3C7}.Release|Any CPU.Build.0 = Release|Any CPU
		{28DDC004-F1F6-46EC-BC70-4A0E61224295}.Debug|Any CPU.ActiveCfg = Debug|Any CPU
		{28DDC004-F1F6-46EC-BC70-4A0E61224295}.Debug|Any CPU.Build.0 = Debug|Any CPU
		{28DDC004-F1F6-46EC-BC70-4A0E61224295}.Release|Any CPU.ActiveCfg = Release|Any CPU
		{28DDC004-F1F6-46EC-BC70-4A0E61224295}.Release|Any CPU.Build.0 = Release|Any CPU
		{D5044A7E-EDE4-4E99-B440-960360F5EE7F}.Debug|Any CPU.ActiveCfg = Debug|Any CPU
		{D5044A7E-EDE4-4E99-B440-960360F5EE7F}.Debug|Any CPU.Build.0 = Debug|Any CPU
		{D5044A7E-EDE4-4E99-B440-960360F5EE7F}.Release|Any CPU.ActiveCfg = Release|Any CPU
		{D5044A7E-EDE4-4E99-B440-960360F5EE7F}.Release|Any CPU.Build.0 = Release|Any CPU
		{D086F8A7-BF93-49BD-B78C-7854A1AD65CC}.Debug|Any CPU.ActiveCfg = Debug|Any CPU
		{D086F8A7-BF93-49BD-B78C-7854A1AD65CC}.Debug|Any CPU.Build.0 = Debug|Any CPU
		{D086F8A7-BF93-49BD-B78C-7854A1AD65CC}.Release|Any CPU.ActiveCfg = Release|Any CPU
		{D086F8A7-BF93-49BD-B78C-7854A1AD65CC}.Release|Any CPU.Build.0 = Release|Any CPU
		{04A38317-7FFC-4941-8DC6-D57266D46ABF}.Debug|Any CPU.ActiveCfg = Debug|Any CPU
		{04A38317-7FFC-4941-8DC6-D57266D46ABF}.Debug|Any CPU.Build.0 = Debug|Any CPU
		{04A38317-7FFC-4941-8DC6-D57266D46ABF}.Release|Any CPU.ActiveCfg = Release|Any CPU
		{04A38317-7FFC-4941-8DC6-D57266D46ABF}.Release|Any CPU.Build.0 = Release|Any CPU
		{F79B92C8-9A07-46EE-813B-54642D31719A}.Debug|Any CPU.ActiveCfg = Debug|Any CPU
		{F79B92C8-9A07-46EE-813B-54642D31719A}.Debug|Any CPU.Build.0 = Debug|Any CPU
		{F79B92C8-9A07-46EE-813B-54642D31719A}.Release|Any CPU.ActiveCfg = Release|Any CPU
		{F79B92C8-9A07-46EE-813B-54642D31719A}.Release|Any CPU.Build.0 = Release|Any CPU
	EndGlobalSection
	GlobalSection(SolutionProperties) = preSolution
		HideSolutionNode = FALSE
	EndGlobalSection
	GlobalSection(NestedProjects) = preSolution
		{45326F00-2DCF-4F1D-BE51-D42A4CC8A3C7} = {346B0761-4AD6-4F99-ACD4-8FA963701913}
		{D5044A7E-EDE4-4E99-B440-960360F5EE7F} = {346B0761-4AD6-4F99-ACD4-8FA963701913}
	EndGlobalSection
	GlobalSection(ExtensibilityGlobals) = postSolution
		SolutionGuid = {C6E3E701-6D29-469E-B830-46572489B9C9}
	EndGlobalSection
EndGlobal
